
Microsoft Visual Studio Solution File, Format Version 12.00
# Visual Studio Version 17
VisualStudioVersion = 17.14.36930.0
MinimumVisualStudioVersion = 10.0.40219.1
Project("{2150E333-8FDC-42A3-9474-1A3956D46DE8}") = "src", "src", "{02EA681E-C7D8-13C7-8484-4AC65E1B71E8}"
EndProject
Project("{2150E333-8FDC-42A3-9474-1A3956D46DE8}") = "tests", "tests", "{5B764E7C-7D47-4A11-BCD6-8714C66FB4C1}"
EndProject
Project("{2150E333-8FDC-42A3-9474-1A3956D46DE8}") = "API", "API", "{FA640365-CE82-413B-8640-01A863E250DB}"
EndProject
Project("{2150E333-8FDC-42A3-9474-1A3956D46DE8}") = "Common", "Common", "{7EC633F2-9E3B-4BB7-A6D9-366076827F2C}"
EndProject
Project("{FAE04EC0-301F-11D3-BF4B-00C04F79EFBC}") = "RightTest.FinancesAPI", "src\API\RightTest.FinancesAPI\RightTest.FinancesAPI.csproj", "{A486B145-026A-60EC-E572-07A7FE5B2007}"
EndProject
Project("{FAE04EC0-301F-11D3-BF4B-00C04F79EFBC}") = "RightTest.MigrationsAPI", "src\API\RightTest.MigrationsAPI\RightTest.MigrationsAPI.csproj", "{0164342A-52A2-F1C9-A9C3-CEB8D033D855}"
EndProject
Project("{FAE04EC0-301F-11D3-BF4B-00C04F79EFBC}") = "RightTest.UsersAPI", "src\API\RightTest.UsersAPI\RightTest.UsersAPI.csproj", "{92C3F86C-8DF4-59D6-81DE-A1C2B061EA8D}"
EndProject
Project("{FAE04EC0-301F-11D3-BF4B-00C04F79EFBC}") = "RightTest.FinancesDAL", "src\Common\RightTest.FinancesDAL\RightTest.FinancesDAL.csproj", "{B8E916CA-2D5D-4278-A14B-7EEF5CFA9777}"
EndProject
Project("{FAE04EC0-301F-11D3-BF4B-00C04F79EFBC}") = "RightTest.FinancesBL", "src\Common\RightTest.FinancesBL\RightTest.FinancesBL.csproj", "{4168D2B3-DBD1-49B6-8E79-0B8801AF43E2}"
EndProject
Project("{FAE04EC0-301F-11D3-BF4B-00C04F79EFBC}") = "RightTest.UsersDAL", "src\Common\RightTest.UsersDAL\RightTest.UsersDAL.csproj", "{F60BA8B4-8432-4A6A-8733-1134B71D768C}"
EndProject
Project("{FAE04EC0-301F-11D3-BF4B-00C04F79EFBC}") = "RightTest.UsersBL", "src\Common\RightTest.UsersBL\RightTest.UsersBL.csproj", "{0199059B-0C70-46D2-8E3A-C6613E36FEA0}"
EndProject
Project("{FAE04EC0-301F-11D3-BF4B-00C04F79EFBC}") = "Migrations", "src\Common\Migrations\Migrations.csproj", "{193438C4-DB4D-4D66-9B10-DC0B918BBD78}"
EndProject
Global
	GlobalSection(SolutionConfigurationPlatforms) = preSolution
		Debug|Any CPU = Debug|Any CPU
		Release|Any CPU = Release|Any CPU
	EndGlobalSection
	GlobalSection(ProjectConfigurationPlatforms) = postSolution
		{A486B145-026A-60EC-E572-07A7FE5B2007}.Debug|Any CPU.ActiveCfg = Debug|Any CPU
		{A486B145-026A-60EC-E572-07A7FE5B2007}.Debug|Any CPU.Build.0 = Debug|Any CPU
		{A486B145-026A-60EC-E572-07A7FE5B2007}.Release|Any CPU.ActiveCfg = Release|Any CPU
		{A486B145-026A-60EC-E572-07A7FE5B2007}.Release|Any CPU.Build.0 = Release|Any CPU
		{0164342A-52A2-F1C9-A9C3-CEB8D033D855}.Debug|Any CPU.ActiveCfg = Debug|Any CPU
		{0164342A-52A2-F1C9-A9C3-CEB8D033D855}.Debug|Any CPU.Build.0 = Debug|Any CPU
		{0164342A-52A2-F1C9-A9C3-CEB8D033D855}.Release|Any CPU.ActiveCfg = Release|Any CPU
		{0164342A-52A2-F1C9-A9C3-CEB8D033D855}.Release|Any CPU.Build.0 = Release|Any CPU
		{92C3F86C-8DF4-59D6-81DE-A1C2B061EA8D}.Debug|Any CPU.ActiveCfg = Debug|Any CPU
		{92C3F86C-8DF4-59D6-81DE-A1C2B061EA8D}.Debug|Any CPU.Build.0 = Debug|Any CPU
		{92C3F86C-8DF4-59D6-81DE-A1C2B061EA8D}.Release|Any CPU.ActiveCfg = Release|Any CPU
		{92C3F86C-8DF4-59D6-81DE-A1C2B061EA8D}.Release|Any CPU.Build.0 = Release|Any CPU
		{B8E916CA-2D5D-4278-A14B-7EEF5CFA9777}.Debug|Any CPU.ActiveCfg = Debug|Any CPU
		{B8E916CA-2D5D-4278-A14B-7EEF5CFA9777}.Debug|Any CPU.Build.0 = Debug|Any CPU
		{B8E916CA-2D5D-4278-A14B-7EEF5CFA9777}.Release|Any CPU.ActiveCfg = Release|Any CPU
		{B8E916CA-2D5D-4278-A14B-7EEF5CFA9777}.Release|Any CPU.Build.0 = Release|Any CPU
		{4168D2B3-DBD1-49B6-8E79-0B8801AF43E2}.Debug|Any CPU.ActiveCfg = Debug|Any CPU
		{4168D2B3-DBD1-49B6-8E79-0B8801AF43E2}.Debug|Any CPU.Build.0 = Debug|Any CPU
		{4168D2B3-DBD1-49B6-8E79-0B8801AF43E2}.Release|Any CPU.ActiveCfg = Release|Any CPU
		{4168D2B3-DBD1-49B6-8E79-0B8801AF43E2}.Release|Any CPU.Build.0 = Release|Any CPU
		{F60BA8B4-8432-4A6A-8733-1134B71D768C}.Debug|Any CPU.ActiveCfg = Debug|Any CPU
		{F60BA8B4-8432-4A6A-8733-1134B71D768C}.Debug|Any CPU.Build.0 = Debug|Any CPU
		{F60BA8B4-8432-4A6A-8733-1134B71D768C}.Release|Any CPU.ActiveCfg = Release|Any CPU
		{F60BA8B4-8432-4A6A-8733-1134B71D768C}.Release|Any CPU.Build.0 = Release|Any CPU
		{0199059B-0C70-46D2-8E3A-C6613E36FEA0}.Debug|Any CPU.ActiveCfg = Debug|Any CPU
		{0199059B-0C70-46D2-8E3A-C6613E36FEA0}.Debug|Any CPU.Build.0 = Debug|Any CPU
		{0199059B-0C70-46D2-8E3A-C6613E36FEA0}.Release|Any CPU.ActiveCfg = Release|Any CPU
		{0199059B-0C70-46D2-8E3A-C6613E36FEA0}.Release|Any CPU.Build.0 = Release|Any CPU
		{193438C4-DB4D-4D66-9B10-DC0B918BBD78}.Debug|Any CPU.ActiveCfg = Debug|Any CPU
		{193438C4-DB4D-4D66-9B10-DC0B918BBD78}.Debug|Any CPU.Build.0 = Debug|Any CPU
		{193438C4-DB4D-4D66-9B10-DC0B918BBD78}.Release|Any CPU.ActiveCfg = Release|Any CPU
		{193438C4-DB4D-4D66-9B10-DC0B918BBD78}.Release|Any CPU.Build.0 = Release|Any CPU
	EndGlobalSection
	GlobalSection(SolutionProperties) = preSolution
		HideSolutionNode = FALSE
	EndGlobalSection
	GlobalSection(NestedProjects) = preSolution
		{FA640365-CE82-413B-8640-01A863E250DB} = {02EA681E-C7D8-13C7-8484-4AC65E1B71E8}
		{7EC633F2-9E3B-4BB7-A6D9-366076827F2C} = {02EA681E-C7D8-13C7-8484-4AC65E1B71E8}
		{A486B145-026A-60EC-E572-07A7FE5B2007} = {FA640365-CE82-413B-8640-01A863E250DB}
		{0164342A-52A2-F1C9-A9C3-CEB8D033D855} = {FA640365-CE82-413B-8640-01A863E250DB}
		{92C3F86C-8DF4-59D6-81DE-A1C2B061EA8D} = {FA640365-CE82-413B-8640-01A863E250DB}
		{B8E916CA-2D5D-4278-A14B-7EEF5CFA9777} = {7EC633F2-9E3B-4BB7-A6D9-366076827F2C}
		{4168D2B3-DBD1-49B6-8E79-0B8801AF43E2} = {7EC633F2-9E3B-4BB7-A6D9-366076827F2C}
		{F60BA8B4-8432-4A6A-8733-1134B71D768C} = {7EC633F2-9E3B-4BB7-A6D9-366076827F2C}
		{0199059B-0C70-46D2-8E3A-C6613E36FEA0} = {7EC633F2-9E3B-4BB7-A6D9-366076827F2C}
		{193438C4-DB4D-4D66-9B10-DC0B918BBD78} = {7EC633F2-9E3B-4BB7-A6D9-366076827F2C}
	EndGlobalSection
	GlobalSection(ExtensibilityGlobals) = postSolution
		SolutionGuid = {B694B3A1-13E3-496F-ACD5-D6B4FCA0E6E6}
	EndGlobalSection
EndGlobal
